
Microsoft Visual Studio Solution File, Format Version 12.00
# Visual Studio Version 16
VisualStudioVersion = 16.0.32106.194
MinimumVisualStudioVersion = 10.0.40219.1
Project("{9A19103F-16F7-4668-BE54-9A1E7A4F7556}") = "SMTOWEB", "SMTOWEB\SMTOWEB.csproj", "{24AF87A6-0C74-4693-B62E-7C0F0B665E20}"
EndProject
Global
	GlobalSection(SolutionConfigurationPlatforms) = preSolution
		Debug|Any CPU = Debug|Any CPU
		Release|Any CPU = Release|Any CPU
	EndGlobalSection
	GlobalSection(ProjectConfigurationPlatforms) = postSolution
		{24AF87A6-0C74-4693-B62E-7C0F0B665E20}.Debug|Any CPU.ActiveCfg = Debug|Any CPU
		{24AF87A6-0C74-4693-B62E-7C0F0B665E20}.Debug|Any CPU.Build.0 = Debug|Any CPU
		{24AF87A6-0C74-4693-B62E-7C0F0B665E20}.Release|Any CPU.ActiveCfg = Release|Any CPU
		{24AF87A6-0C74-4693-B62E-7C0F0B665E20}.Release|Any CPU.Build.0 = Release|Any CPU
	EndGlobalSection
	GlobalSection(SolutionProperties) = preSolution
		HideSolutionNode = FALSE
	EndGlobalSection
	GlobalSection(ExtensibilityGlobals) = postSolution
		SolutionGuid = {4681FC80-EC8E-4D3D-A49A-BCD9632ABC2D}
	EndGlobalSection
EndGlobal
